version = 1
revision = 2
requires-python = ">=3.12"

[[package]]
name = "cachetools"
version = "5.5.2"
source = { registry = "https://pypi.org/simple" }
sdist = { url = "https://files.pythonhosted.org/packages/6c/81/3747dad6b14fa2cf53fcf10548cf5aea6913e96fab41a3c198676f8948a5/cachetools-5.5.2.tar.gz", hash = "sha256:1a661caa9175d26759571b2e19580f9d6393969e5dfca11fdb1f947a23e640d4", size = 28380, upload-time = "2025-02-20T21:01:19.524Z" }
wheels = [
    { url = "https://files.pythonhosted.org/packages/72/76/20fa66124dbe6be5cafeb312ece67de6b61dd91a0247d1ea13db4ebb33c2/cachetools-5.5.2-py3-none-any.whl", hash = "sha256:d26a22bcc62eb95c3beabd9f1ee5e820d3d2704fe2967cbe350e20c8ffcd3f0a", size = 10080, upload-time = "2025-02-20T21:01:16.647Z" },
]

[[package]]
name = "confluent-kafka"
version = "2.11.0"
source = { registry = "https://pypi.org/simple" }
sdist = { url = "https://files.pythonhosted.org/packages/4a/72/4dcfb7842f6a99fa6fd07afd8097b06040c240fd0a70e90b336bf0608156/confluent_kafka-2.11.0.tar.gz", hash = "sha256:d95512838eebd42a4657ce891dfa32bcbc06906e3391b328de24f7731b0c2755", size = 224835, upload-time = "2025-07-03T17:35:44.962Z" }
wheels = [
    { url = "https://files.pythonhosted.org/packages/28/4c/87296e4684502cd2899638326be516efaa70cc497c528610834dc2b525f1/confluent_kafka-2.11.0-cp312-cp312-macosx_10_9_x86_64.whl", hash = "sha256:7ab9b40866d783cd410019b0380b0db815ac36ecf07be2be80a429e41d7caf98", size = 3591594, upload-time = "2025-07-03T17:34:53.547Z" },
    { url = "https://files.pythonhosted.org/packages/a8/3d/8214379a1d9da13462b5d0f64ddaf148923c4730ad50a33b221510ab0ca1/confluent_kafka-2.11.0-cp312-cp312-macosx_11_0_arm64.whl", hash = "sha256:70682b25b5ce835de54b6eb803a75e550a953e494fe348960ed8c534cb54ea50", size = 3119712, upload-time = "2025-07-03T17:34:55.175Z" },
    { url = "https://files.pythonhosted.org/packages/52/d9/e4135a375cd01c0eff5a54d6808e1853e702aceb41c7a1e9a29188a0c8f4/confluent_kafka-2.11.0-cp312-cp312-manylinux_2_28_aarch64.whl", hash = "sha256:80edbdf59d312772a4c5646807cb2a0b5f5a2c7f945df070aac1782a7790f432", size = 15369806, upload-time = "2025-07-03T17:34:58.433Z" },
    { url = "https://files.pythonhosted.org/packages/fc/d3/b3d151e46fe81b124d12f5abe81e399d5851cdc8d6ffdeef57bc5367bef3/confluent_kafka-2.11.0-cp312-cp312-manylinux_2_28_x86_64.whl", hash = "sha256:1ac35a551c8df8313695bff3e81dd8ef3d9041b0edc8827883ef8015819bc59c", size = 3912280, upload-time = "2025-07-03T17:35:01.354Z" },
    { url = "https://files.pythonhosted.org/packages/d4/c9/673a63367892a5935a00e683eb4c35b3d379715361798858aea541b20105/confluent_kafka-2.11.0-cp312-cp312-win_amd64.whl", hash = "sha256:be6273ae93a9076c28ccda39dacae98405af696c97bab02a8a78abd02fe3add4", size = 4035116, upload-time = "2025-07-03T17:35:03.509Z" },
    { url = "https://files.pythonhosted.org/packages/7c/1b/e7d6726d75a2222d3fecaa04e5d85aad954de65ddd6760959d09260b9208/confluent_kafka-2.11.0-cp313-cp313-macosx_13_0_arm64.whl", hash = "sha256:e58b263d8e02c54396e7159d2d6668c9e6f2e7faa06c40026df205ff81b6188e", size = 3124201, upload-time = "2025-07-03T17:35:05.668Z" },
    { url = "https://files.pythonhosted.org/packages/5f/d8/f60f5ef7e499093bca325ed8ae28583e68a55dfb423ede86bce6c33398a8/confluent_kafka-2.11.0-cp313-cp313-macosx_13_0_x86_64.whl", hash = "sha256:a29ac34c7dd3ab51c2e7cc16c37baed13369a487d7f953ff4e3a8fff08642969", size = 3594979, upload-time = "2025-07-03T17:35:09.218Z" },
    { url = "https://files.pythonhosted.org/packages/c6/e8/833c9f719ebb9f44435fb8ee45762f2553e50692b9a015768236a4f27c86/confluent_kafka-2.11.0-cp313-cp313-manylinux_2_28_aarch64.whl", hash = "sha256:2552147d0929db95ace291e460c652981721e0e437a074445fbafdcee8b6817c", size = 15370231, upload-time = "2025-07-03T17:35:11.455Z" },
    { url = "https://files.pythonhosted.org/packages/45/98/c6e56bdd8c5c7ac4acce4f28a367bcfee4b42eca45d461c40637a038c445/confluent_kafka-2.11.0-cp313-cp313-manylinux_2_28_x86_64.whl", hash = "sha256:ed0981e686bdc4ee86034113a750242fe1b405826bf4a553498bf558429188af", size = 3912654, upload-time = "2025-07-03T17:35:13.965Z" },
    { url = "https://files.pythonhosted.org/packages/1a/a6/a5efb07b25bdf47305ef21e27bbfa970d7b1083af5a3c7159a0379d658d2/confluent_kafka-2.11.0-cp313-cp313-win_amd64.whl", hash = "sha256:6d6ec6e791b1c97668ff0823dff1dc005ab418b353a430fede7b5cd6c5490497", size = 4094746, upload-time = "2025-07-03T17:35:15.677Z" },
    { url = "https://files.pythonhosted.org/packages/b2/11/0b5ef56d9d024ddb01a97ac36dbcd8c3105ae3ca76396429a64651e5b5dd/confluent_kafka-2.11.0-cp313-cp313t-manylinux_2_28_aarch64.whl", hash = "sha256:9f44a476241a81e6b3259d3f3f00aa0e94ed64a924131f83cb3b640ecdfcd633", size = 15368809, upload-time = "2025-07-03T17:35:17.906Z" },
]

[[package]]
name = "gcp-kafka-basic"
version = "0.1.0"
source = { virtual = "." }
dependencies = [
    { name = "confluent-kafka" },
    { name = "google-auth" },
    { name = "packaging" },
    { name = "urllib3" },
]

[package.metadata]
requires-dist = [
    { name = "confluent-kafka", specifier = ">=2.11.0" },
    { name = "google-auth", specifier = ">=2.40.3" },
    { name = "packaging", specifier = ">=25.0" },
    { name = "urllib3", specifier = ">=2.5.0" },
]

[[package]]
name = "google-auth"
version = "2.40.3"
source = { registry = "https://pypi.org/simple" }
dependencies = [
    { name = "cachetools" },
    { name = "pyasn1-modules" },
    { name = "rsa" },
]
sdist = { url = "https://files.pythonhosted.org/packages/9e/9b/e92ef23b84fa10a64ce4831390b7a4c2e53c0132568d99d4ae61d04c8855/google_auth-2.40.3.tar.gz", hash = "sha256:500c3a29adedeb36ea9cf24b8d10858e152f2412e3ca37829b3fa18e33d63b77", size = 281029, upload-time = "2025-06-04T18:04:57.577Z" }
wheels = [
    { url = "https://files.pythonhosted.org/packages/17/63/b19553b658a1692443c62bd07e5868adaa0ad746a0751ba62c59568cd45b/google_auth-2.40.3-py2.py3-none-any.whl", hash = "sha256:1370d4593e86213563547f97a92752fc658456fe4514c809544f330fed45a7ca", size = 216137, upload-time = "2025-06-04T18:04:55.573Z" },
]

[[package]]
name = "packaging"
version = "25.0"
source = { registry = "https://pypi.org/simple" }
sdist = { url = "https://files.pythonhosted.org/packages/a1/d4/1fc4078c65507b51b96ca8f8c3ba19e6a61c8253c72794544580a7b6c24d/packaging-25.0.tar.gz", hash = "sha256:d443872c98d677bf60f6a1f2f8c1cb748e8fe762d2bf9d3148b5599295b0fc4f", size = 165727, upload-time = "2025-04-19T11:48:59.673Z" }
wheels = [
    { url = "https://files.pythonhosted.org/packages/20/12/38679034af332785aac8774540895e234f4d07f7545804097de4b666afd8/packaging-25.0-py3-none-any.whl", hash = "sha256:29572ef2b1f17581046b3a2227d5c611fb25ec70ca1ba8554b24b0e69331a484", size = 66469, upload-time = "2025-04-19T11:48:57.875Z" },
]

[[package]]
name = "pyasn1"
version = "0.6.1"
source = { registry = "https://pypi.org/simple" }
sdist = { url = "https://files.pythonhosted.org/packages/ba/e9/01f1a64245b89f039897cb0130016d79f77d52669aae6ee7b159a6c4c018/pyasn1-0.6.1.tar.gz", hash = "sha256:6f580d2bdd84365380830acf45550f2511469f673cb4a5ae3857a3170128b034", size = 145322, upload-time = "2024-09-10T22:41:42.55Z" }
wheels = [
    { url = "https://files.pythonhosted.org/packages/c8/f1/d6a797abb14f6283c0ddff96bbdd46937f64122b8c925cab503dd37f8214/pyasn1-0.6.1-py3-none-any.whl", hash = "sha256:0d632f46f2ba09143da3a8afe9e33fb6f92fa2320ab7e886e2d0f7672af84629", size = 83135, upload-time = "2024-09-11T16:00:36.122Z" },
]

[[package]]
name = "pyasn1-modules"
version = "0.4.2"
source = { registry = "https://pypi.org/simple" }
dependencies = [
    { name = "pyasn1" },
]
sdist = { url = "https://files.pythonhosted.org/packages/e9/e6/78ebbb10a8c8e4b61a59249394a4a594c1a7af95593dc933a349c8d00964/pyasn1_modules-0.4.2.tar.gz", hash = "sha256:677091de870a80aae844b1ca6134f54652fa2c8c5a52aa396440ac3106e941e6", size = 307892, upload-time = "2025-03-28T02:41:22.17Z" }
wheels = [
    { url = "https://files.pythonhosted.org/packages/47/8d/d529b5d697919ba8c11ad626e835d4039be708a35b0d22de83a269a6682c/pyasn1_modules-0.4.2-py3-none-any.whl", hash = "sha256:29253a9207ce32b64c3ac6600edc75368f98473906e8fd1043bd6b5b1de2c14a", size = 181259, upload-time = "2025-03-28T02:41:19.028Z" },
]

[[package]]
name = "rsa"
version = "4.9.1"
source = { registry = "https://pypi.org/simple" }
dependencies = [
    { name = "pyasn1" },
]
sdist = { url = "https://files.pythonhosted.org/packages/da/8a/22b7beea3ee0d44b1916c0c1cb0ee3af23b700b6da9f04991899d0c555d4/rsa-4.9.1.tar.gz", hash = "sha256:e7bdbfdb5497da4c07dfd35530e1a902659db6ff241e39d9953cad06ebd0ae75", size = 29034, upload-time = "2025-04-16T09:51:18.218Z" }
wheels = [
    { url = "https://files.pythonhosted.org/packages/64/8d/0133e4eb4beed9e425d9a98ed6e081a55d195481b7632472be1af08d2f6b/rsa-4.9.1-py3-none-any.whl", hash = "sha256:68635866661c6836b8d39430f97a996acbd61bfa49406748ea243539fe239762", size = 34696, upload-time = "2025-04-16T09:51:17.142Z" },
]

[[package]]
name = "urllib3"
version = "2.5.0"
source = { registry = "https://pypi.org/simple" }
sdist = { url = "https://files.pythonhosted.org/packages/15/22/9ee70a2574a4f4599c47dd506532914ce044817c7752a79b6a51286319bc/urllib3-2.5.0.tar.gz", hash = "sha256:3fc47733c7e419d4bc3f6b3dc2b4f890bb743906a30d56ba4a5bfa4bbff92760", size = 393185, upload-time = "2025-06-18T14:07:41.644Z" }
wheels = [
    { url = "https://files.pythonhosted.org/packages/a7/c2/fe1e52489ae3122415c51f387e221dd0773709bad6c6cdaa599e8a2c5185/urllib3-2.5.0-py3-none-any.whl", hash = "sha256:e6b01673c0fa6a13e374b50871808eb3bf7046c4b125b216f6bf1cc604cff0dc", size = 129795, upload-time = "2025-06-18T14:07:40.39Z" },
]
